{
	"name": "totalproject",
	"version": "1.0.0",
	"lockfileVersion": 3,
	"requires": true,
	"packages": {
		"": {
			"name": "totalproject",
			"version": "1.0.0",
			"license": "MIT",
			"dependencies": {
				"total4": "latest"
			}
		},
		"node_modules/total4": {
			"version": "0.0.95",
			"resolved": "https://registry.npmjs.org/total4/-/total4-0.0.95.tgz",
			"integrity": "sha512-nYO7UEp4dl3NJiYZUn9WyhPuHUIE482Ztg9tyWyAATF06C0HLp7lHY11Zp6aEOFqPhJZoNUwfKFGXAt/MUPUTA==",
			"bin": {
				"total4": "bin/total4"
			}
		}
	}
}
